
Microsoft Visual Studio Solution File, Format Version 12.00
# Visual Studio Version 17
VisualStudioVersion = 17.1.32407.343
MinimumVisualStudioVersion = 10.0.40219.1
Project("{FAE04EC0-301F-11D3-BF4B-00C04F79EFBC}") = "GestaoTarefas.WinApp", "GestaoTarefas.WinApp\GestaoTarefas.WinApp.csproj", "{0E020B8E-53B4-49A0-B9AB-26E76B17D542}"
EndProject
Global
	GlobalSection(SolutionConfigurationPlatforms) = preSolution
		Debug|Any CPU = Debug|Any CPU
		Release|Any CPU = Release|Any CPU
	EndGlobalSection
	GlobalSection(ProjectConfigurationPlatforms) = postSolution
		{0E020B8E-53B4-49A0-B9AB-26E76B17D542}.Debug|Any CPU.ActiveCfg = Debug|Any CPU
		{0E020B8E-53B4-49A0-B9AB-26E76B17D542}.Debug|Any CPU.Build.0 = Debug|Any CPU
		{0E020B8E-53B4-49A0-B9AB-26E76B17D542}.Release|Any CPU.ActiveCfg = Release|Any CPU
		{0E020B8E-53B4-49A0-B9AB-26E76B17D542}.Release|Any CPU.Build.0 = Release|Any CPU
	EndGlobalSection
	GlobalSection(SolutionProperties) = preSolution
		HideSolutionNode = FALSE
	EndGlobalSection
	GlobalSection(ExtensibilityGlobals) = postSolution
		SolutionGuid = {E20BA1DA-2564-463B-98D8-B69A29705E52}
	EndGlobalSection
EndGlobal
